
Microsoft Visual Studio Solution File, Format Version 12.00
# Visual Studio Version 16
VisualStudioVersion = 16.0.29613.14
MinimumVisualStudioVersion = 10.0.40219.1
Project("{FAE04EC0-301F-11D3-BF4B-00C04F79EFBC}") = "UnitTestBasicExample", "UnitTestBasicExample\UnitTestBasicExample.csproj", "{B1B41168-1E25-4DB7-A3C7-3CD59FD61828}"
EndProject
Project("{FAE04EC0-301F-11D3-BF4B-00C04F79EFBC}") = "UnitTestBasicExample_Test", "UnitTestBasicExample_Test\UnitTestBasicExample_Test.csproj", "{A878DC69-67FE-49BD-8395-F7A2FC56505D}"
EndProject
Global
	GlobalSection(SolutionConfigurationPlatforms) = preSolution
		Debug|Any CPU = Debug|Any CPU
		Release|Any CPU = Release|Any CPU
	EndGlobalSection
	GlobalSection(ProjectConfigurationPlatforms) = postSolution
		{B1B41168-1E25-4DB7-A3C7-3CD59FD61828}.Debug|Any CPU.ActiveCfg = Debug|Any CPU
		{B1B41168-1E25-4DB7-A3C7-3CD59FD61828}.Debug|Any CPU.Build.0 = Debug|Any CPU
		{B1B41168-1E25-4DB7-A3C7-3CD59FD61828}.Release|Any CPU.ActiveCfg = Release|Any CPU
		{B1B41168-1E25-4DB7-A3C7-3CD59FD61828}.Release|Any CPU.Build.0 = Release|Any CPU
		{A878DC69-67FE-49BD-8395-F7A2FC56505D}.Debug|Any CPU.ActiveCfg = Debug|Any CPU
		{A878DC69-67FE-49BD-8395-F7A2FC56505D}.Debug|Any CPU.Build.0 = Debug|Any CPU
		{A878DC69-67FE-49BD-8395-F7A2FC56505D}.Release|Any CPU.ActiveCfg = Release|Any CPU
		{A878DC69-67FE-49BD-8395-F7A2FC56505D}.Release|Any CPU.Build.0 = Release|Any CPU
	EndGlobalSection
	GlobalSection(SolutionProperties) = preSolution
		HideSolutionNode = FALSE
	EndGlobalSection
	GlobalSection(ExtensibilityGlobals) = postSolution
		SolutionGuid = {D88F4FF3-CF40-4C8F-9F96-92426BDA68B1}
	EndGlobalSection
EndGlobal
